%{
  "bolt_sips": {:hex, :bolt_sips, "0.4.12", "aae226f32d9267b8a0391bfa3ac063c2400849d236c9d2d9de44db119b5131c4", [:mix], [{:boltex, "~> 0.4.0", [hex: :boltex, repo: "hexpm", optional: false]}, {:fuzzyurl, "~> 0.9.1", [hex: :fuzzyurl, repo: "hexpm", optional: false]}, {:poolboy, "~> 1.5.1", [hex: :poolboy, repo: "hexpm", optional: false]}, {:retry, "~> 0.8.1", [hex: :retry, repo: "hexpm", optional: false]}], "hexpm"},
  "boltex": {:hex, :boltex, "0.4.1", "49de302ebb59d92419532f1953fbfea0acc312503306be57b493b56d6b7a3fb7", [:hex], [], "hexpm"},
  "bunt": {:hex, :bunt, "0.2.0", "951c6e801e8b1d2cbe58ebbd3e616a869061ddadcc4863d0a2182541acae9a38", [:mix], [], "hexpm"},
  "certifi": {:hex, :certifi, "2.3.1", "d0f424232390bf47d82da8478022301c561cf6445b5b5fb6a84d49a9e76d2639", [:rebar3], [{:parse_trans, "3.2.0", [hex: :parse_trans, repo: "hexpm", optional: false]}], "hexpm"},
  "con_cache": {:hex, :con_cache, "0.11.1", "acbe5a1d10c47faba30d9629c9121e1ef9bca0aa5eddbb86f4e777bd9f9f9b6f", [:mix], [{:exactor, "~> 2.2.0", [hex: :exactor, repo: "hexpm", optional: false]}], "hexpm"},
  "contentful": {:hex, :contentful, "0.1.1", "664b5eb5f8d4c0903a8f9ef6699ff9c30224de8f18c9f7fc079729a2d49dd556", [:mix], [{:httpoison, "~> 0.8", [hex: :httpoison, repo: "hexpm", optional: false]}, {:poison, "~> 2.0", [hex: :poison, repo: "hexpm", optional: false]}], "hexpm"},
  "credo": {:hex, :credo, "0.10.0", "66234a95effaf9067edb19fc5d0cd5c6b461ad841baac42467afed96c78e5e9e", [:mix], [{:bunt, "~> 0.2.0", [hex: :bunt, repo: "hexpm", optional: false]}, {:jason, "~> 1.0", [hex: :jason, repo: "hexpm", optional: false]}], "hexpm"},
  "exactor": {:hex, :exactor, "2.2.4", "5efb4ddeb2c48d9a1d7c9b465a6fffdd82300eb9618ece5d34c3334d5d7245b1", [:mix], [], "hexpm"},
  "fuzzyurl": {:hex, :fuzzyurl, "0.9.1", "81ed7a5f6b42706b65e3948958e6f584d38e3749a5445d5a26d5f80ac1121033", [:mix], [], "hexpm"},
  "hackney": {:hex, :hackney, "1.13.0", "24edc8cd2b28e1c652593833862435c80661834f6c9344e84b6a2255e7aeef03", [:rebar3], [{:certifi, "2.3.1", [hex: :certifi, repo: "hexpm", optional: false]}, {:idna, "5.1.2", [hex: :idna, repo: "hexpm", optional: false]}, {:metrics, "1.0.1", [hex: :metrics, repo: "hexpm", optional: false]}, {:mimerl, "1.0.2", [hex: :mimerl, repo: "hexpm", optional: false]}, {:ssl_verify_fun, "1.1.1", [hex: :ssl_verify_fun, repo: "hexpm", optional: false]}], "hexpm"},
  "httpoison": {:hex, :httpoison, "0.13.0", "bfaf44d9f133a6599886720f3937a7699466d23bb0cd7a88b6ba011f53c6f562", [:mix], [{:hackney, "~> 1.8", [hex: :hackney, repo: "hexpm", optional: false]}], "hexpm"},
  "idna": {:hex, :idna, "5.1.2", "e21cb58a09f0228a9e0b95eaa1217f1bcfc31a1aaa6e1fdf2f53a33f7dbd9494", [:rebar3], [{:unicode_util_compat, "0.3.1", [hex: :unicode_util_compat, repo: "hexpm", optional: false]}], "hexpm"},
  "jason": {:hex, :jason, "1.1.1", "d3ccb840dfb06f2f90a6d335b536dd074db748b3e7f5b11ab61d239506585eb2", [:mix], [{:decimal, "~> 1.0", [hex: :decimal, repo: "hexpm", optional: true]}], "hexpm"},
  "metrics": {:hex, :metrics, "1.0.1", "25f094dea2cda98213cecc3aeff09e940299d950904393b2a29d191c346a8486", [:rebar3], [], "hexpm"},
  "mimerl": {:hex, :mimerl, "1.0.2", "993f9b0e084083405ed8252b99460c4f0563e41729ab42d9074fd5e52439be88", [:rebar3], [], "hexpm"},
  "parse_trans": {:hex, :parse_trans, "3.2.0", "2adfa4daf80c14dc36f522cf190eb5c4ee3e28008fc6394397c16f62a26258c2", [:rebar3], [], "hexpm"},
  "poison": {:hex, :poison, "4.0.1", "bcb755a16fac91cad79bfe9fc3585bb07b9331e50cfe3420a24bcc2d735709ae", [:mix], [], "hexpm"},
  "poolboy": {:hex, :poolboy, "1.5.1", "6b46163901cfd0a1b43d692657ed9d7e599853b3b21b95ae5ae0a777cf9b6ca8", [:rebar], [], "hexpm"},
  "retry": {:hex, :retry, "0.8.2", "7b57bd5e1e7efeca04dd740cabdc3930c472cfa7e0186949de180c64417e9c35", [:mix], [], "hexpm"},
  "ssl_verify_fun": {:hex, :ssl_verify_fun, "1.1.1", "28a4d65b7f59893bc2c7de786dec1e1555bd742d336043fe644ae956c3497fbe", [:make, :rebar], [], "hexpm"},
  "unicode_util_compat": {:hex, :unicode_util_compat, "0.3.1", "a1f612a7b512638634a603c8f401892afbf99b8ce93a45041f8aaca99cadb85e", [:rebar3], [], "hexpm"},
}
